<?xml version="1.0" encoding="utf-8"?>
<Project ToolsVersion="4.0" xmlns="http://schemas.microsoft.com/developer/msbuild/2003">
  <ItemGroup>
    <Filter Include="源文件">
      <UniqueIdentifier>{4FC737F1-C7A5-4376-A066-2A32D752A2FF}</UniqueIdentifier>
      <Extensions>cpp;c;cc;cxx;c++;cppm;ixx;def;odl;idl;hpj;bat;asm;asmx</Extensions>
    </Filter>
    <Filter Include="头文件">
      <UniqueIdentifier>{93995380-89BD-4b04-88EB-625FBE52EBFB}</UniqueIdentifier>
      <Extensions>h;hh;hpp;hxx;h++;hm;inl;inc;ipp;xsd</Extensions>
    </Filter>
    <Filter Include="资源文件">
      <UniqueIdentifier>{67DA6AB6-F800-4c08-8B7A-83BB121AAD01}</UniqueIdentifier>
      <Extensions>rc;ico;cur;bmp;dlg;rc2;rct;bin;rgs;gif;jpg;jpeg;jpe;resx;tiff;tif;png;wav;mfcribbon-ms</Extensions>
    </Filter>
    <Filter Include="源文件\Hooks">
      <UniqueIdentifier>{e0eef5d1-f879-4861-9313-f8297704364d}</UniqueIdentifier>
    </Filter>
    <Filter Include="头文件\Hooks">
      <UniqueIdentifier>{6215113c-c73e-42a5-b498-dcb10e259b92}</UniqueIdentifier>
    </Filter>
    <Filter Include="源文件\RawSyscall">
      <UniqueIdentifier>{055229e2-29c1-4d9d-bb7d-2c86c0d97686}</UniqueIdentifier>
    </Filter>
  </ItemGroup>
  <ItemGroup>
    <ClCompile Include="Entry.cpp">
      <Filter>源文件</Filter>
    </ClCompile>
    <ClCompile Include="Handles.cpp">
      <Filter>源文件</Filter>
    </ClCompile>
    <ClCompile Include="Hooks\TlsData.cpp">
      <Filter>源文件\Hooks</Filter>
    </ClCompile>
    <ClCompile Include="Hooks\MemoryAllocHook.cpp">
      <Filter>源文件\Hooks</Filter>
    </ClCompile>
    <ClCompile Include="Hooks\HookHelper.cpp">
      <Filter>源文件\Hooks</Filter>
    </ClCompile>
    <ClCompile Include="Verifier.cpp">
      <Filter>源文件</Filter>
    </ClCompile>
    <ClCompile Include="Hooks\FileHook.cpp">
      <Filter>源文件\Hooks</Filter>
    </ClCompile>
    <ClCompile Include="PebTeb.cpp">
      <Filter>源文件</Filter>
    </ClCompile>
    <ClCompile Include="MemoryScan.cpp">
      <Filter>源文件</Filter>
    </ClCompile>
    <ClCompile Include="PoolScan.cpp">
      <Filter>源文件</Filter>
    </ClCompile>
    <ClCompile Include="AntiDebug.cpp">
      <Filter>源文件</Filter>
    </ClCompile>
    <ClCompile Include="AnitKeySim.cpp">
      <Filter>源文件\RawSyscall</Filter>
    </ClCompile>
  </ItemGroup>
  <ItemGroup>
    <ClInclude Include="Logger.hpp">
      <Filter>头文件</Filter>
    </ClInclude>
    <ClInclude Include="Errors.h">
      <Filter>头文件</Filter>
    </ClInclude>
    <ClInclude Include="..\ThirdParty\phnt\phnt.h">
      <Filter>头文件</Filter>
    </ClInclude>
    <ClInclude Include="Hooks\Hooks.h">
      <Filter>头文件\Hooks</Filter>
    </ClInclude>
    <ClInclude Include="Verifier.h">
      <Filter>头文件</Filter>
    </ClInclude>
  </ItemGroup>
  <ItemGroup>
    <MASM Include="Hooks\NtAllocateVirtualMemory.asm">
      <Filter>源文件\Hooks</Filter>
    </MASM>
    <MASM Include="Hooks\NtProtectVirtualMemory.asm">
      <Filter>源文件\Hooks</Filter>
    </MASM>
    <MASM Include="RawSyscall\Syscall64.asm">
      <Filter>源文件\RawSyscall</Filter>
    </MASM>
  </ItemGroup>
</Project>